
Microsoft Visual Studio Solution File, Format Version 12.00
# Visual Studio Version 16
VisualStudioVersion = 16.0.29709.97
MinimumVisualStudioVersion = 10.0.40219.1
Project("{FAE04EC0-301F-11D3-BF4B-00C04F79EFBC}") = "OnlineTourismManagement", "OnlineTourismManagement\OnlineTourismManagement.csproj", "{79B836C1-E28F-4DE3-8BBF-21B8E3B8294A}"
EndProject
Project("{FAE04EC0-301F-11D3-BF4B-00C04F79EFBC}") = "OnlineTourismManagement.Entity", "OnlineTourismManagement.Entity\OnlineTourismManagement.Entity.csproj", "{C11AD651-AAAD-47BA-931F-CDD408F1CC2B}"
EndProject
Project("{FAE04EC0-301F-11D3-BF4B-00C04F79EFBC}") = "OnlineTourismManagement.DAL", "OnlineTourismManagement.DAL\OnlineTourismManagement.DAL.csproj", "{6F4F3D07-ED71-4C47-B234-DB8E97A6448F}"
EndProject
Project("{FAE04EC0-301F-11D3-BF4B-00C04F79EFBC}") = "OnlineTourismManagement.Common", "OnlineTourismManagement.Common\OnlineTourismManagement.Common.csproj", "{84C02F1C-D91C-448C-A28A-4EC3C693C1A8}"
EndProject
Project("{FAE04EC0-301F-11D3-BF4B-00C04F79EFBC}") = "OnlineTourismManagement.BL", "OnlineTourismManagement.BL\OnlineTourismManagement.BL.csproj", "{E5D69768-B6A7-49DF-984B-B2C17BF4C876}"
EndProject
Global
	GlobalSection(SolutionConfigurationPlatforms) = preSolution
		Debug|Any CPU = Debug|Any CPU
		Release|Any CPU = Release|Any CPU
	EndGlobalSection
	GlobalSection(ProjectConfigurationPlatforms) = postSolution
		{79B836C1-E28F-4DE3-8BBF-21B8E3B8294A}.Debug|Any CPU.ActiveCfg = Debug|Any CPU
		{79B836C1-E28F-4DE3-8BBF-21B8E3B8294A}.Debug|Any CPU.Build.0 = Debug|Any CPU
		{79B836C1-E28F-4DE3-8BBF-21B8E3B8294A}.Release|Any CPU.ActiveCfg = Release|Any CPU
		{79B836C1-E28F-4DE3-8BBF-21B8E3B8294A}.Release|Any CPU.Build.0 = Release|Any CPU
		{C11AD651-AAAD-47BA-931F-CDD408F1CC2B}.Debug|Any CPU.ActiveCfg = Debug|Any CPU
		{C11AD651-AAAD-47BA-931F-CDD408F1CC2B}.Debug|Any CPU.Build.0 = Debug|Any CPU
		{C11AD651-AAAD-47BA-931F-CDD408F1CC2B}.Release|Any CPU.ActiveCfg = Release|Any CPU
		{C11AD651-AAAD-47BA-931F-CDD408F1CC2B}.Release|Any CPU.Build.0 = Release|Any CPU
		{6F4F3D07-ED71-4C47-B234-DB8E97A6448F}.Debug|Any CPU.ActiveCfg = Debug|Any CPU
		{6F4F3D07-ED71-4C47-B234-DB8E97A6448F}.Debug|Any CPU.Build.0 = Debug|Any CPU
		{6F4F3D07-ED71-4C47-B234-DB8E97A6448F}.Release|Any CPU.ActiveCfg = Release|Any CPU
		{6F4F3D07-ED71-4C47-B234-DB8E97A6448F}.Release|Any CPU.Build.0 = Release|Any CPU
		{84C02F1C-D91C-448C-A28A-4EC3C693C1A8}.Debug|Any CPU.ActiveCfg = Debug|Any CPU
		{84C02F1C-D91C-448C-A28A-4EC3C693C1A8}.Debug|Any CPU.Build.0 = Debug|Any CPU
		{84C02F1C-D91C-448C-A28A-4EC3C693C1A8}.Release|Any CPU.ActiveCfg = Release|Any CPU
		{84C02F1C-D91C-448C-A28A-4EC3C693C1A8}.Release|Any CPU.Build.0 = Release|Any CPU
		{E5D69768-B6A7-49DF-984B-B2C17BF4C876}.Debug|Any CPU.ActiveCfg = Debug|Any CPU
		{E5D69768-B6A7-49DF-984B-B2C17BF4C876}.Debug|Any CPU.Build.0 = Debug|Any CPU
		{E5D69768-B6A7-49DF-984B-B2C17BF4C876}.Release|Any CPU.ActiveCfg = Release|Any CPU
		{E5D69768-B6A7-49DF-984B-B2C17BF4C876}.Release|Any CPU.Build.0 = Release|Any CPU
	EndGlobalSection
	GlobalSection(SolutionProperties) = preSolution
		HideSolutionNode = FALSE
	EndGlobalSection
	GlobalSection(ExtensibilityGlobals) = postSolution
		SolutionGuid = {604F69FA-2599-4FF8-9B92-32A26B9D0857}
	EndGlobalSection
EndGlobal
